
Microsoft Visual Studio Solution File, Format Version 12.00
# Visual Studio 15
VisualStudioVersion = 15.0.28307.1082
MinimumVisualStudioVersion = 10.0.40219.1
Project("{FAE04EC0-301F-11D3-BF4B-00C04F79EFBC}") = "ProductoSeguro1", "ProductoSeguro1\ProductoSeguro1.csproj", "{A600B6B5-E0B3-42E1-AA51-737BE5EF3828}"
EndProject
Project("{FAE04EC0-301F-11D3-BF4B-00C04F79EFBC}") = "ProductoSeguro1.Tests", "ProductoSeguro1.Tests\ProductoSeguro1.Tests.csproj", "{8C5ED375-BE14-4C95-A358-AE29A99BF9AC}"
EndProject
Global
	GlobalSection(SolutionConfigurationPlatforms) = preSolution
		Debug|Any CPU = Debug|Any CPU
		Release|Any CPU = Release|Any CPU
	EndGlobalSection
	GlobalSection(ProjectConfigurationPlatforms) = postSolution
		{A600B6B5-E0B3-42E1-AA51-737BE5EF3828}.Debug|Any CPU.ActiveCfg = Debug|Any CPU
		{A600B6B5-E0B3-42E1-AA51-737BE5EF3828}.Debug|Any CPU.Build.0 = Debug|Any CPU
		{A600B6B5-E0B3-42E1-AA51-737BE5EF3828}.Release|Any CPU.ActiveCfg = Release|Any CPU
		{A600B6B5-E0B3-42E1-AA51-737BE5EF3828}.Release|Any CPU.Build.0 = Release|Any CPU
		{8C5ED375-BE14-4C95-A358-AE29A99BF9AC}.Debug|Any CPU.ActiveCfg = Debug|Any CPU
		{8C5ED375-BE14-4C95-A358-AE29A99BF9AC}.Debug|Any CPU.Build.0 = Debug|Any CPU
		{8C5ED375-BE14-4C95-A358-AE29A99BF9AC}.Release|Any CPU.ActiveCfg = Release|Any CPU
		{8C5ED375-BE14-4C95-A358-AE29A99BF9AC}.Release|Any CPU.Build.0 = Release|Any CPU
	EndGlobalSection
	GlobalSection(SolutionProperties) = preSolution
		HideSolutionNode = FALSE
	EndGlobalSection
	GlobalSection(ExtensibilityGlobals) = postSolution
		SolutionGuid = {6988E97E-C5DE-440A-96E0-67D3AAB63927}
	EndGlobalSection
EndGlobal
